
Microsoft Visual Studio Solution File, Format Version 12.00
# Visual Studio 14
VisualStudioVersion = 14.0.25123.0
MinimumVisualStudioVersion = 10.0.40219.1
Project("{FAE04EC0-301F-11D3-BF4B-00C04F79EFBC}") = "P02. Random numbers", "P02. Random numbers\P02. Random numbers.csproj", "{613A3CAA-C4FD-435E-9080-8FF9557F5EA9}"
EndProject
Project("{FAE04EC0-301F-11D3-BF4B-00C04F79EFBC}") = "P03. Day of week", "P03. Day of week\P03. Day of week.csproj", "{E775F9FB-BA9A-4B1D-8C07-3EA7F6A313C5}"
EndProject
Project("{FAE04EC0-301F-11D3-BF4B-00C04F79EFBC}") = "P04. Triangle surface", "P04. Triangle surface\P04. Triangle surface.csproj", "{15839C15-5129-418A-B61D-42DAFED15DAA}"
EndProject
Project("{FAE04EC0-301F-11D3-BF4B-00C04F79EFBC}") = "P07. Workdays", "P05. Workdays\P07. Workdays.csproj", "{8A8128A8-772B-4EDD-B67E-ECA0EFDFE1C3}"
EndProject
Project("{FAE04EC0-301F-11D3-BF4B-00C04F79EFBC}") = "P08. Sum integers", "P06. Sum integers\P08. Sum integers.csproj", "{3FC1631B-5FA2-4D00-BB0A-5C31B3050D62}"
EndProject
Project("{FAE04EC0-301F-11D3-BF4B-00C04F79EFBC}") = "P09. Arithmetical expressions", "P07. Arithmetical expressions\P09. Arithmetical expressions.csproj", "{8FEEAFA6-9E4B-4458-A95F-2D5C6A88A634}"
EndProject
Project("{FAE04EC0-301F-11D3-BF4B-00C04F79EFBC}") = "P01. Leap year", "P01. Leap year\P01. Leap year.csproj", "{524E8EBF-E53A-4B62-AE79-2E4F775E8A46}"
EndProject
Project("{FAE04EC0-301F-11D3-BF4B-00C04F79EFBC}") = "P05. Triangle surface three sides", "P05. Triangle surface three sides\P05. Triangle surface three sides.csproj", "{9231B32F-ED9B-44E7-9A35-EB2284B90FD9}"
EndProject
Project("{FAE04EC0-301F-11D3-BF4B-00C04F79EFBC}") = "P06. Triangle surface 2sides angle", "P06. Triangle surface 2sides angle\P06. Triangle surface 2sides angle.csproj", "{775207B1-A3B0-4CE3-B91E-D51A8B5D0769}"
EndProject
Global
	GlobalSection(SolutionConfigurationPlatforms) = preSolution
		Debug|Any CPU = Debug|Any CPU
		Release|Any CPU = Release|Any CPU
	EndGlobalSection
	GlobalSection(ProjectConfigurationPlatforms) = postSolution
		{613A3CAA-C4FD-435E-9080-8FF9557F5EA9}.Debug|Any CPU.ActiveCfg = Debug|Any CPU
		{613A3CAA-C4FD-435E-9080-8FF9557F5EA9}.Debug|Any CPU.Build.0 = Debug|Any CPU
		{613A3CAA-C4FD-435E-9080-8FF9557F5EA9}.Release|Any CPU.ActiveCfg = Release|Any CPU
		{613A3CAA-C4FD-435E-9080-8FF9557F5EA9}.Release|Any CPU.Build.0 = Release|Any CPU
		{E775F9FB-BA9A-4B1D-8C07-3EA7F6A313C5}.Debug|Any CPU.ActiveCfg = Debug|Any CPU
		{E775F9FB-BA9A-4B1D-8C07-3EA7F6A313C5}.Debug|Any CPU.Build.0 = Debug|Any CPU
		{E775F9FB-BA9A-4B1D-8C07-3EA7F6A313C5}.Release|Any CPU.ActiveCfg = Release|Any CPU
		{E775F9FB-BA9A-4B1D-8C07-3EA7F6A313C5}.Release|Any CPU.Build.0 = Release|Any CPU
		{15839C15-5129-418A-B61D-42DAFED15DAA}.Debug|Any CPU.ActiveCfg = Debug|Any CPU
		{15839C15-5129-418A-B61D-42DAFED15DAA}.Debug|Any CPU.Build.0 = Debug|Any CPU
		{15839C15-5129-418A-B61D-42DAFED15DAA}.Release|Any CPU.ActiveCfg = Release|Any CPU
		{15839C15-5129-418A-B61D-42DAFED15DAA}.Release|Any CPU.Build.0 = Release|Any CPU
		{8A8128A8-772B-4EDD-B67E-ECA0EFDFE1C3}.Debug|Any CPU.ActiveCfg = Debug|Any CPU
		{8A8128A8-772B-4EDD-B67E-ECA0EFDFE1C3}.Debug|Any CPU.Build.0 = Debug|Any CPU
		{8A8128A8-772B-4EDD-B67E-ECA0EFDFE1C3}.Release|Any CPU.ActiveCfg = Release|Any CPU
		{8A8128A8-772B-4EDD-B67E-ECA0EFDFE1C3}.Release|Any CPU.Build.0 = Release|Any CPU
		{3FC1631B-5FA2-4D00-BB0A-5C31B3050D62}.Debug|Any CPU.ActiveCfg = Debug|Any CPU
		{3FC1631B-5FA2-4D00-BB0A-5C31B3050D62}.Debug|Any CPU.Build.0 = Debug|Any CPU
		{3FC1631B-5FA2-4D00-BB0A-5C31B3050D62}.Release|Any CPU.ActiveCfg = Release|Any CPU
		{3FC1631B-5FA2-4D00-BB0A-5C31B3050D62}.Release|Any CPU.Build.0 = Release|Any CPU
		{8FEEAFA6-9E4B-4458-A95F-2D5C6A88A634}.Debug|Any CPU.ActiveCfg = Debug|Any CPU
		{8FEEAFA6-9E4B-4458-A95F-2D5C6A88A634}.Debug|Any CPU.Build.0 = Debug|Any CPU
		{8FEEAFA6-9E4B-4458-A95F-2D5C6A88A634}.Release|Any CPU.ActiveCfg = Release|Any CPU
		{8FEEAFA6-9E4B-4458-A95F-2D5C6A88A634}.Release|Any CPU.Build.0 = Release|Any CPU
		{524E8EBF-E53A-4B62-AE79-2E4F775E8A46}.Debug|Any CPU.ActiveCfg = Debug|Any CPU
		{524E8EBF-E53A-4B62-AE79-2E4F775E8A46}.Debug|Any CPU.Build.0 = Debug|Any CPU
		{524E8EBF-E53A-4B62-AE79-2E4F775E8A46}.Release|Any CPU.ActiveCfg = Release|Any CPU
		{524E8EBF-E53A-4B62-AE79-2E4F775E8A46}.Release|Any CPU.Build.0 = Release|Any CPU
		{9231B32F-ED9B-44E7-9A35-EB2284B90FD9}.Debug|Any CPU.ActiveCfg = Debug|Any CPU
		{9231B32F-ED9B-44E7-9A35-EB2284B90FD9}.Debug|Any CPU.Build.0 = Debug|Any CPU
		{9231B32F-ED9B-44E7-9A35-EB2284B90FD9}.Release|Any CPU.ActiveCfg = Release|Any CPU
		{9231B32F-ED9B-44E7-9A35-EB2284B90FD9}.Release|Any CPU.Build.0 = Release|Any CPU
		{775207B1-A3B0-4CE3-B91E-D51A8B5D0769}.Debug|Any CPU.ActiveCfg = Debug|Any CPU
		{775207B1-A3B0-4CE3-B91E-D51A8B5D0769}.Debug|Any CPU.Build.0 = Debug|Any CPU
		{775207B1-A3B0-4CE3-B91E-D51A8B5D0769}.Release|Any CPU.ActiveCfg = Release|Any CPU
		{775207B1-A3B0-4CE3-B91E-D51A8B5D0769}.Release|Any CPU.Build.0 = Release|Any CPU
	EndGlobalSection
	GlobalSection(SolutionProperties) = preSolution
		HideSolutionNode = FALSE
	EndGlobalSection
EndGlobal
