
Microsoft Visual Studio Solution File, Format Version 12.00
# Visual Studio 14
VisualStudioVersion = 14.0.25123.0
MinimumVisualStudioVersion = 10.0.40219.1
Project("{FAE04EC0-301F-11D3-BF4B-00C04F79EFBC}") = "E2. Angry Female GPS", "E2. Angry Female GPS\E2. Angry Female GPS.csproj", "{BBD8F6B8-1AF4-4D8B-BF74-29539DF05454}"
EndProject
Project("{FAE04EC0-301F-11D3-BF4B-00C04F79EFBC}") = "E3. Ones and Zeros", "E3. Ones and Zeros\E3. Ones and Zeros.csproj", "{F3D59733-C061-4AE9-9EC6-BC48E5FC409E}"
EndProject
Project("{FAE04EC0-301F-11D3-BF4B-00C04F79EFBC}") = "E4. Eggcelent", "E4. Eggcelent\E4. Eggcelent.csproj", "{A4B3FD66-8301-4619-9A05-32BD60447134}"
EndProject
Project("{FAE04EC0-301F-11D3-BF4B-00C04F79EFBC}") = "E5. Na Baba mi Smetal", "E5. Na Baba mi Smetal\E5. Na Baba mi Smetal.csproj", "{01D42714-45EE-45F4-8926-3BE4388FB94F}"
EndProject
Project("{FAE04EC0-301F-11D3-BF4B-00C04F79EFBC}") = "E1. Peace of Cake", "E1. Peace of Cake\E1. Peace of Cake.csproj", "{987DFD7C-FE74-4181-B540-5A94A2044EAC}"
EndProject
Global
	GlobalSection(SolutionConfigurationPlatforms) = preSolution
		Debug|Any CPU = Debug|Any CPU
		Release|Any CPU = Release|Any CPU
	EndGlobalSection
	GlobalSection(ProjectConfigurationPlatforms) = postSolution
		{BBD8F6B8-1AF4-4D8B-BF74-29539DF05454}.Debug|Any CPU.ActiveCfg = Debug|Any CPU
		{BBD8F6B8-1AF4-4D8B-BF74-29539DF05454}.Debug|Any CPU.Build.0 = Debug|Any CPU
		{BBD8F6B8-1AF4-4D8B-BF74-29539DF05454}.Release|Any CPU.ActiveCfg = Release|Any CPU
		{BBD8F6B8-1AF4-4D8B-BF74-29539DF05454}.Release|Any CPU.Build.0 = Release|Any CPU
		{F3D59733-C061-4AE9-9EC6-BC48E5FC409E}.Debug|Any CPU.ActiveCfg = Debug|Any CPU
		{F3D59733-C061-4AE9-9EC6-BC48E5FC409E}.Debug|Any CPU.Build.0 = Debug|Any CPU
		{F3D59733-C061-4AE9-9EC6-BC48E5FC409E}.Release|Any CPU.ActiveCfg = Release|Any CPU
		{F3D59733-C061-4AE9-9EC6-BC48E5FC409E}.Release|Any CPU.Build.0 = Release|Any CPU
		{A4B3FD66-8301-4619-9A05-32BD60447134}.Debug|Any CPU.ActiveCfg = Debug|Any CPU
		{A4B3FD66-8301-4619-9A05-32BD60447134}.Debug|Any CPU.Build.0 = Debug|Any CPU
		{A4B3FD66-8301-4619-9A05-32BD60447134}.Release|Any CPU.ActiveCfg = Release|Any CPU
		{A4B3FD66-8301-4619-9A05-32BD60447134}.Release|Any CPU.Build.0 = Release|Any CPU
		{01D42714-45EE-45F4-8926-3BE4388FB94F}.Debug|Any CPU.ActiveCfg = Debug|Any CPU
		{01D42714-45EE-45F4-8926-3BE4388FB94F}.Debug|Any CPU.Build.0 = Debug|Any CPU
		{01D42714-45EE-45F4-8926-3BE4388FB94F}.Release|Any CPU.ActiveCfg = Release|Any CPU
		{01D42714-45EE-45F4-8926-3BE4388FB94F}.Release|Any CPU.Build.0 = Release|Any CPU
		{987DFD7C-FE74-4181-B540-5A94A2044EAC}.Debug|Any CPU.ActiveCfg = Debug|Any CPU
		{987DFD7C-FE74-4181-B540-5A94A2044EAC}.Debug|Any CPU.Build.0 = Debug|Any CPU
		{987DFD7C-FE74-4181-B540-5A94A2044EAC}.Release|Any CPU.ActiveCfg = Release|Any CPU
		{987DFD7C-FE74-4181-B540-5A94A2044EAC}.Release|Any CPU.Build.0 = Release|Any CPU
	EndGlobalSection
	GlobalSection(SolutionProperties) = preSolution
		HideSolutionNode = FALSE
	EndGlobalSection
EndGlobal
