
Microsoft Visual Studio Solution File, Format Version 12.00
# Visual Studio 14
VisualStudioVersion = 14.0.25123.0
MinimumVisualStudioVersion = 10.0.40219.1
Project("{FAE04EC0-301F-11D3-BF4B-00C04F79EFBC}") = "P01. Odd lines", "08. Text-Files\P01. Odd lines.csproj", "{683CAC69-C830-424C-878C-573051067A65}"
EndProject
Project("{FAE04EC0-301F-11D3-BF4B-00C04F79EFBC}") = "P02. Concatenate text files", "P02. Concatenate text files\P02. Concatenate text files.csproj", "{F793E3AA-C3CB-4DA0-9F25-82F6601BF762}"
EndProject
Project("{FAE04EC0-301F-11D3-BF4B-00C04F79EFBC}") = "P03. Line numbers", "P03. Line numbers\P03. Line numbers.csproj", "{EA2C0555-811A-4D62-BD41-9732FC1240AD}"
EndProject
Project("{FAE04EC0-301F-11D3-BF4B-00C04F79EFBC}") = "P04. Compare text files", "P04. Compare text files\P04. Compare text files.csproj", "{14660BE3-388C-485D-9ED9-868B2F2A0D3E}"
EndProject
Project("{FAE04EC0-301F-11D3-BF4B-00C04F79EFBC}") = "P05. Maximal area sum", "P05. Maximal area sum\P05. Maximal area sum.csproj", "{B8E0E505-E67C-41EC-B709-D75FE4163AF2}"
EndProject
Global
	GlobalSection(SolutionConfigurationPlatforms) = preSolution
		Debug|Any CPU = Debug|Any CPU
		Release|Any CPU = Release|Any CPU
	EndGlobalSection
	GlobalSection(ProjectConfigurationPlatforms) = postSolution
		{683CAC69-C830-424C-878C-573051067A65}.Debug|Any CPU.ActiveCfg = Debug|Any CPU
		{683CAC69-C830-424C-878C-573051067A65}.Debug|Any CPU.Build.0 = Debug|Any CPU
		{683CAC69-C830-424C-878C-573051067A65}.Release|Any CPU.ActiveCfg = Release|Any CPU
		{683CAC69-C830-424C-878C-573051067A65}.Release|Any CPU.Build.0 = Release|Any CPU
		{F793E3AA-C3CB-4DA0-9F25-82F6601BF762}.Debug|Any CPU.ActiveCfg = Debug|Any CPU
		{F793E3AA-C3CB-4DA0-9F25-82F6601BF762}.Debug|Any CPU.Build.0 = Debug|Any CPU
		{F793E3AA-C3CB-4DA0-9F25-82F6601BF762}.Release|Any CPU.ActiveCfg = Release|Any CPU
		{F793E3AA-C3CB-4DA0-9F25-82F6601BF762}.Release|Any CPU.Build.0 = Release|Any CPU
		{EA2C0555-811A-4D62-BD41-9732FC1240AD}.Debug|Any CPU.ActiveCfg = Debug|Any CPU
		{EA2C0555-811A-4D62-BD41-9732FC1240AD}.Debug|Any CPU.Build.0 = Debug|Any CPU
		{EA2C0555-811A-4D62-BD41-9732FC1240AD}.Release|Any CPU.ActiveCfg = Release|Any CPU
		{EA2C0555-811A-4D62-BD41-9732FC1240AD}.Release|Any CPU.Build.0 = Release|Any CPU
		{14660BE3-388C-485D-9ED9-868B2F2A0D3E}.Debug|Any CPU.ActiveCfg = Debug|Any CPU
		{14660BE3-388C-485D-9ED9-868B2F2A0D3E}.Debug|Any CPU.Build.0 = Debug|Any CPU
		{14660BE3-388C-485D-9ED9-868B2F2A0D3E}.Release|Any CPU.ActiveCfg = Release|Any CPU
		{14660BE3-388C-485D-9ED9-868B2F2A0D3E}.Release|Any CPU.Build.0 = Release|Any CPU
		{B8E0E505-E67C-41EC-B709-D75FE4163AF2}.Debug|Any CPU.ActiveCfg = Debug|Any CPU
		{B8E0E505-E67C-41EC-B709-D75FE4163AF2}.Debug|Any CPU.Build.0 = Debug|Any CPU
		{B8E0E505-E67C-41EC-B709-D75FE4163AF2}.Release|Any CPU.ActiveCfg = Release|Any CPU
		{B8E0E505-E67C-41EC-B709-D75FE4163AF2}.Release|Any CPU.Build.0 = Release|Any CPU
	EndGlobalSection
	GlobalSection(SolutionProperties) = preSolution
		HideSolutionNode = FALSE
	EndGlobalSection
EndGlobal
