
Microsoft Visual Studio Solution File, Format Version 12.00
# Visual Studio 14
VisualStudioVersion = 14.0.25123.0
MinimumVisualStudioVersion = 10.0.40219.1
Project("{FAE04EC0-301F-11D3-BF4B-00C04F79EFBC}") = "P01. Square root", "07. Exception-Handling\P01. Square root.csproj", "{D6C37BC1-1979-455A-A1E2-754C6355A12B}"
EndProject
Project("{FAE04EC0-301F-11D3-BF4B-00C04F79EFBC}") = "P02. Enter numbers", "P02. Enter numbers\P02. Enter numbers.csproj", "{D4C85403-A57B-4FA6-9B23-087A1D47DD09}"
EndProject
Project("{FAE04EC0-301F-11D3-BF4B-00C04F79EFBC}") = "P03. Read file contents", "P03. Read file contents\P03. Read file contents.csproj", "{C5A043BB-001B-4691-9184-7380ADF55573}"
EndProject
Project("{FAE04EC0-301F-11D3-BF4B-00C04F79EFBC}") = "P04. Download file", "P04. Download file\P04. Download file.csproj", "{5B9C90AD-26F3-492C-9901-63025C635505}"
EndProject
Global
	GlobalSection(SolutionConfigurationPlatforms) = preSolution
		Debug|Any CPU = Debug|Any CPU
		Release|Any CPU = Release|Any CPU
	EndGlobalSection
	GlobalSection(ProjectConfigurationPlatforms) = postSolution
		{D6C37BC1-1979-455A-A1E2-754C6355A12B}.Debug|Any CPU.ActiveCfg = Debug|Any CPU
		{D6C37BC1-1979-455A-A1E2-754C6355A12B}.Debug|Any CPU.Build.0 = Debug|Any CPU
		{D6C37BC1-1979-455A-A1E2-754C6355A12B}.Release|Any CPU.ActiveCfg = Release|Any CPU
		{D6C37BC1-1979-455A-A1E2-754C6355A12B}.Release|Any CPU.Build.0 = Release|Any CPU
		{D4C85403-A57B-4FA6-9B23-087A1D47DD09}.Debug|Any CPU.ActiveCfg = Debug|Any CPU
		{D4C85403-A57B-4FA6-9B23-087A1D47DD09}.Debug|Any CPU.Build.0 = Debug|Any CPU
		{D4C85403-A57B-4FA6-9B23-087A1D47DD09}.Release|Any CPU.ActiveCfg = Release|Any CPU
		{D4C85403-A57B-4FA6-9B23-087A1D47DD09}.Release|Any CPU.Build.0 = Release|Any CPU
		{C5A043BB-001B-4691-9184-7380ADF55573}.Debug|Any CPU.ActiveCfg = Debug|Any CPU
		{C5A043BB-001B-4691-9184-7380ADF55573}.Debug|Any CPU.Build.0 = Debug|Any CPU
		{C5A043BB-001B-4691-9184-7380ADF55573}.Release|Any CPU.ActiveCfg = Release|Any CPU
		{C5A043BB-001B-4691-9184-7380ADF55573}.Release|Any CPU.Build.0 = Release|Any CPU
		{5B9C90AD-26F3-492C-9901-63025C635505}.Debug|Any CPU.ActiveCfg = Debug|Any CPU
		{5B9C90AD-26F3-492C-9901-63025C635505}.Debug|Any CPU.Build.0 = Debug|Any CPU
		{5B9C90AD-26F3-492C-9901-63025C635505}.Release|Any CPU.ActiveCfg = Release|Any CPU
		{5B9C90AD-26F3-492C-9901-63025C635505}.Release|Any CPU.Build.0 = Release|Any CPU
	EndGlobalSection
	GlobalSection(SolutionProperties) = preSolution
		HideSolutionNode = FALSE
	EndGlobalSection
EndGlobal
