
Microsoft Visual Studio Solution File, Format Version 12.00
# Visual Studio 14
VisualStudioVersion = 14.0.25123.0
MinimumVisualStudioVersion = 10.0.40219.1
Project("{FAE04EC0-301F-11D3-BF4B-00C04F79EFBC}") = "E1. Coffee Machine", "E1. Coffee Machine\E1. Coffee Machine.csproj", "{E0BDB23A-9F30-4453-84B9-B19D408C81A2}"
EndProject
Project("{FAE04EC0-301F-11D3-BF4B-00C04F79EFBC}") = "E3. Bulls and Cows", "E3. Bulls and Cows\E3. Bulls and Cows.csproj", "{0BBB999B-612A-4943-A2E3-1D6D428185F3}"
EndProject
Project("{FAE04EC0-301F-11D3-BF4B-00C04F79EFBC}") = "E4. Fire", "E4. Fire\E4. Fire.csproj", "{24ECDF8D-9F85-4556-AF8B-00DBA1640408}"
EndProject
Project("{FAE04EC0-301F-11D3-BF4B-00C04F79EFBC}") = "E5. Neurons", "E5. Neurons\E5. Neurons.csproj", "{D44B05E9-4C6B-4F6E-BFF1-046A1F98282D}"
EndProject
Project("{FAE04EC0-301F-11D3-BF4B-00C04F79EFBC}") = "E2. Drunken Numbers", "E2. Drunken Numbers\E2. Drunken Numbers.csproj", "{73D98949-7132-4C23-8715-F00B5E1D0C1F}"
EndProject
Global
	GlobalSection(SolutionConfigurationPlatforms) = preSolution
		Debug|Any CPU = Debug|Any CPU
		Release|Any CPU = Release|Any CPU
	EndGlobalSection
	GlobalSection(ProjectConfigurationPlatforms) = postSolution
		{E0BDB23A-9F30-4453-84B9-B19D408C81A2}.Debug|Any CPU.ActiveCfg = Debug|Any CPU
		{E0BDB23A-9F30-4453-84B9-B19D408C81A2}.Debug|Any CPU.Build.0 = Debug|Any CPU
		{E0BDB23A-9F30-4453-84B9-B19D408C81A2}.Release|Any CPU.ActiveCfg = Release|Any CPU
		{E0BDB23A-9F30-4453-84B9-B19D408C81A2}.Release|Any CPU.Build.0 = Release|Any CPU
		{0BBB999B-612A-4943-A2E3-1D6D428185F3}.Debug|Any CPU.ActiveCfg = Debug|Any CPU
		{0BBB999B-612A-4943-A2E3-1D6D428185F3}.Debug|Any CPU.Build.0 = Debug|Any CPU
		{0BBB999B-612A-4943-A2E3-1D6D428185F3}.Release|Any CPU.ActiveCfg = Release|Any CPU
		{0BBB999B-612A-4943-A2E3-1D6D428185F3}.Release|Any CPU.Build.0 = Release|Any CPU
		{24ECDF8D-9F85-4556-AF8B-00DBA1640408}.Debug|Any CPU.ActiveCfg = Debug|Any CPU
		{24ECDF8D-9F85-4556-AF8B-00DBA1640408}.Debug|Any CPU.Build.0 = Debug|Any CPU
		{24ECDF8D-9F85-4556-AF8B-00DBA1640408}.Release|Any CPU.ActiveCfg = Release|Any CPU
		{24ECDF8D-9F85-4556-AF8B-00DBA1640408}.Release|Any CPU.Build.0 = Release|Any CPU
		{D44B05E9-4C6B-4F6E-BFF1-046A1F98282D}.Debug|Any CPU.ActiveCfg = Debug|Any CPU
		{D44B05E9-4C6B-4F6E-BFF1-046A1F98282D}.Debug|Any CPU.Build.0 = Debug|Any CPU
		{D44B05E9-4C6B-4F6E-BFF1-046A1F98282D}.Release|Any CPU.ActiveCfg = Release|Any CPU
		{D44B05E9-4C6B-4F6E-BFF1-046A1F98282D}.Release|Any CPU.Build.0 = Release|Any CPU
		{73D98949-7132-4C23-8715-F00B5E1D0C1F}.Debug|Any CPU.ActiveCfg = Debug|Any CPU
		{73D98949-7132-4C23-8715-F00B5E1D0C1F}.Debug|Any CPU.Build.0 = Debug|Any CPU
		{73D98949-7132-4C23-8715-F00B5E1D0C1F}.Release|Any CPU.ActiveCfg = Release|Any CPU
		{73D98949-7132-4C23-8715-F00B5E1D0C1F}.Release|Any CPU.Build.0 = Release|Any CPU
	EndGlobalSection
	GlobalSection(SolutionProperties) = preSolution
		HideSolutionNode = FALSE
	EndGlobalSection
EndGlobal
