
Microsoft Visual Studio Solution File, Format Version 12.00
# Visual Studio 14
VisualStudioVersion = 14.0.25123.0
MinimumVisualStudioVersion = 10.0.40219.1
Project("{FAE04EC0-301F-11D3-BF4B-00C04F79EFBC}") = "P02. Constructors", "P02. Constructors\P02. Constructors.csproj", "{733854B3-5001-4E1D-B7A0-37366B19211A}"
EndProject
Project("{FAE04EC0-301F-11D3-BF4B-00C04F79EFBC}") = "P03. Enumeration", "P03. Enumeration\P03. Enumeration.csproj", "{97DD2E80-2160-437D-9548-2B7DB9AF3BF3}"
EndProject
Project("{FAE04EC0-301F-11D3-BF4B-00C04F79EFBC}") = "P04. ToString", "P04. ToString\P04. ToString.csproj", "{1D6D69A5-502F-4B6D-A3BA-F096E4358224}"
EndProject
Project("{FAE04EC0-301F-11D3-BF4B-00C04F79EFBC}") = "P05. Properties", "P05. Properties\P05. Properties.csproj", "{21DE3A2E-1BA7-4B39-B94F-BD3F8BE76C02}"
EndProject
Project("{FAE04EC0-301F-11D3-BF4B-00C04F79EFBC}") = "P06. Static field", "P06. Static field\P06. Static field.csproj", "{879EA63B-17C4-4AE0-9A1F-96440F63B03D}"
EndProject
Project("{FAE04EC0-301F-11D3-BF4B-00C04F79EFBC}") = "P07. GSM test", "P07. GSM test\P07. GSM test.csproj", "{DCB7F477-52F5-4FD5-BC45-B7B5000E1143}"
EndProject
Project("{FAE04EC0-301F-11D3-BF4B-00C04F79EFBC}") = "P08_9_10_11_12. Calls", "P08. Calls\P08_9_10_11_12. Calls.csproj", "{83C8803D-CFC6-428E-9399-38E4FDEC8ACE}"
EndProject
Project("{FAE04EC0-301F-11D3-BF4B-00C04F79EFBC}") = "P01. Define class", "P01. Define class\P01. Define class.csproj", "{EAD873AA-4D53-438E-8597-79309EAA9B9E}"
EndProject
Global
	GlobalSection(SolutionConfigurationPlatforms) = preSolution
		Debug|Any CPU = Debug|Any CPU
		Release|Any CPU = Release|Any CPU
	EndGlobalSection
	GlobalSection(ProjectConfigurationPlatforms) = postSolution
		{733854B3-5001-4E1D-B7A0-37366B19211A}.Debug|Any CPU.ActiveCfg = Debug|Any CPU
		{733854B3-5001-4E1D-B7A0-37366B19211A}.Debug|Any CPU.Build.0 = Debug|Any CPU
		{733854B3-5001-4E1D-B7A0-37366B19211A}.Release|Any CPU.ActiveCfg = Release|Any CPU
		{733854B3-5001-4E1D-B7A0-37366B19211A}.Release|Any CPU.Build.0 = Release|Any CPU
		{97DD2E80-2160-437D-9548-2B7DB9AF3BF3}.Debug|Any CPU.ActiveCfg = Debug|Any CPU
		{97DD2E80-2160-437D-9548-2B7DB9AF3BF3}.Debug|Any CPU.Build.0 = Debug|Any CPU
		{97DD2E80-2160-437D-9548-2B7DB9AF3BF3}.Release|Any CPU.ActiveCfg = Release|Any CPU
		{97DD2E80-2160-437D-9548-2B7DB9AF3BF3}.Release|Any CPU.Build.0 = Release|Any CPU
		{1D6D69A5-502F-4B6D-A3BA-F096E4358224}.Debug|Any CPU.ActiveCfg = Debug|Any CPU
		{1D6D69A5-502F-4B6D-A3BA-F096E4358224}.Debug|Any CPU.Build.0 = Debug|Any CPU
		{1D6D69A5-502F-4B6D-A3BA-F096E4358224}.Release|Any CPU.ActiveCfg = Release|Any CPU
		{1D6D69A5-502F-4B6D-A3BA-F096E4358224}.Release|Any CPU.Build.0 = Release|Any CPU
		{21DE3A2E-1BA7-4B39-B94F-BD3F8BE76C02}.Debug|Any CPU.ActiveCfg = Debug|Any CPU
		{21DE3A2E-1BA7-4B39-B94F-BD3F8BE76C02}.Debug|Any CPU.Build.0 = Debug|Any CPU
		{21DE3A2E-1BA7-4B39-B94F-BD3F8BE76C02}.Release|Any CPU.ActiveCfg = Release|Any CPU
		{21DE3A2E-1BA7-4B39-B94F-BD3F8BE76C02}.Release|Any CPU.Build.0 = Release|Any CPU
		{879EA63B-17C4-4AE0-9A1F-96440F63B03D}.Debug|Any CPU.ActiveCfg = Debug|Any CPU
		{879EA63B-17C4-4AE0-9A1F-96440F63B03D}.Debug|Any CPU.Build.0 = Debug|Any CPU
		{879EA63B-17C4-4AE0-9A1F-96440F63B03D}.Release|Any CPU.ActiveCfg = Release|Any CPU
		{879EA63B-17C4-4AE0-9A1F-96440F63B03D}.Release|Any CPU.Build.0 = Release|Any CPU
		{DCB7F477-52F5-4FD5-BC45-B7B5000E1143}.Debug|Any CPU.ActiveCfg = Debug|Any CPU
		{DCB7F477-52F5-4FD5-BC45-B7B5000E1143}.Debug|Any CPU.Build.0 = Debug|Any CPU
		{DCB7F477-52F5-4FD5-BC45-B7B5000E1143}.Release|Any CPU.ActiveCfg = Release|Any CPU
		{DCB7F477-52F5-4FD5-BC45-B7B5000E1143}.Release|Any CPU.Build.0 = Release|Any CPU
		{83C8803D-CFC6-428E-9399-38E4FDEC8ACE}.Debug|Any CPU.ActiveCfg = Debug|Any CPU
		{83C8803D-CFC6-428E-9399-38E4FDEC8ACE}.Debug|Any CPU.Build.0 = Debug|Any CPU
		{83C8803D-CFC6-428E-9399-38E4FDEC8ACE}.Release|Any CPU.ActiveCfg = Release|Any CPU
		{83C8803D-CFC6-428E-9399-38E4FDEC8ACE}.Release|Any CPU.Build.0 = Release|Any CPU
		{EAD873AA-4D53-438E-8597-79309EAA9B9E}.Debug|Any CPU.ActiveCfg = Debug|Any CPU
		{EAD873AA-4D53-438E-8597-79309EAA9B9E}.Debug|Any CPU.Build.0 = Debug|Any CPU
		{EAD873AA-4D53-438E-8597-79309EAA9B9E}.Release|Any CPU.ActiveCfg = Release|Any CPU
		{EAD873AA-4D53-438E-8597-79309EAA9B9E}.Release|Any CPU.Build.0 = Release|Any CPU
	EndGlobalSection
	GlobalSection(SolutionProperties) = preSolution
		HideSolutionNode = FALSE
	EndGlobalSection
EndGlobal
