
Microsoft Visual Studio Solution File, Format Version 12.00
# Visual Studio 14
VisualStudioVersion = 14.0.25123.0
MinimumVisualStudioVersion = 10.0.40219.1
Project("{FAE04EC0-301F-11D3-BF4B-00C04F79EFBC}") = "E02. Magic Words", "E02. Magic Words\E02. Magic Words.csproj", "{64C4D964-4105-47B4-B3E0-E547D1F14E21}"
EndProject
Project("{FAE04EC0-301F-11D3-BF4B-00C04F79EFBC}") = "E03. Tron 3D", "E03. Tron 3D\E03. Tron 3D.csproj", "{7D30CBB9-9896-4D27-B766-C70EA64B3D23}"
EndProject
Project("{FAE04EC0-301F-11D3-BF4B-00C04F79EFBC}") = "E04. Decode and Dcrpt", "E04. Decode and Dcrpt\E04. Decode and Dcrpt.csproj", "{48EC73FD-8EF7-4155-BC29-6AE171F06FA1}"
EndProject
Project("{FAE04EC0-301F-11D3-BF4B-00C04F79EFBC}") = "E05. Featuring Grisko", "E05. Featuring Grisko\E05. Featuring Grisko.csproj", "{E66C8AF4-7EE2-4477-BC8B-BD179D6AA1F3}"
EndProject
Project("{FAE04EC0-301F-11D3-BF4B-00C04F79EFBC}") = "E01. Multiverse Communication", "E01. Multiverse Communication\E01. Multiverse Communication.csproj", "{AE94B115-A9EC-42C2-8431-73E2C3B672E4}"
EndProject
Global
	GlobalSection(SolutionConfigurationPlatforms) = preSolution
		Debug|Any CPU = Debug|Any CPU
		Release|Any CPU = Release|Any CPU
	EndGlobalSection
	GlobalSection(ProjectConfigurationPlatforms) = postSolution
		{64C4D964-4105-47B4-B3E0-E547D1F14E21}.Debug|Any CPU.ActiveCfg = Debug|Any CPU
		{64C4D964-4105-47B4-B3E0-E547D1F14E21}.Debug|Any CPU.Build.0 = Debug|Any CPU
		{64C4D964-4105-47B4-B3E0-E547D1F14E21}.Release|Any CPU.ActiveCfg = Release|Any CPU
		{64C4D964-4105-47B4-B3E0-E547D1F14E21}.Release|Any CPU.Build.0 = Release|Any CPU
		{7D30CBB9-9896-4D27-B766-C70EA64B3D23}.Debug|Any CPU.ActiveCfg = Debug|Any CPU
		{7D30CBB9-9896-4D27-B766-C70EA64B3D23}.Debug|Any CPU.Build.0 = Debug|Any CPU
		{7D30CBB9-9896-4D27-B766-C70EA64B3D23}.Release|Any CPU.ActiveCfg = Release|Any CPU
		{7D30CBB9-9896-4D27-B766-C70EA64B3D23}.Release|Any CPU.Build.0 = Release|Any CPU
		{48EC73FD-8EF7-4155-BC29-6AE171F06FA1}.Debug|Any CPU.ActiveCfg = Debug|Any CPU
		{48EC73FD-8EF7-4155-BC29-6AE171F06FA1}.Debug|Any CPU.Build.0 = Debug|Any CPU
		{48EC73FD-8EF7-4155-BC29-6AE171F06FA1}.Release|Any CPU.ActiveCfg = Release|Any CPU
		{48EC73FD-8EF7-4155-BC29-6AE171F06FA1}.Release|Any CPU.Build.0 = Release|Any CPU
		{E66C8AF4-7EE2-4477-BC8B-BD179D6AA1F3}.Debug|Any CPU.ActiveCfg = Debug|Any CPU
		{E66C8AF4-7EE2-4477-BC8B-BD179D6AA1F3}.Debug|Any CPU.Build.0 = Debug|Any CPU
		{E66C8AF4-7EE2-4477-BC8B-BD179D6AA1F3}.Release|Any CPU.ActiveCfg = Release|Any CPU
		{E66C8AF4-7EE2-4477-BC8B-BD179D6AA1F3}.Release|Any CPU.Build.0 = Release|Any CPU
		{AE94B115-A9EC-42C2-8431-73E2C3B672E4}.Debug|Any CPU.ActiveCfg = Debug|Any CPU
		{AE94B115-A9EC-42C2-8431-73E2C3B672E4}.Debug|Any CPU.Build.0 = Debug|Any CPU
		{AE94B115-A9EC-42C2-8431-73E2C3B672E4}.Release|Any CPU.ActiveCfg = Release|Any CPU
		{AE94B115-A9EC-42C2-8431-73E2C3B672E4}.Release|Any CPU.Build.0 = Release|Any CPU
	EndGlobalSection
	GlobalSection(SolutionProperties) = preSolution
		HideSolutionNode = FALSE
	EndGlobalSection
EndGlobal
