
Microsoft Visual Studio Solution File, Format Version 12.00
# Visual Studio 14
VisualStudioVersion = 14.0.25123.0
MinimumVisualStudioVersion = 10.0.40219.1
Project("{FAE04EC0-301F-11D3-BF4B-00C04F79EFBC}") = "P04. Hello World", "01. Introduction-to-Programming\P04. Hello World.csproj", "{8A970106-5521-426A-92B3-FE916171C8B5}"
EndProject
Project("{FAE04EC0-301F-11D3-BF4B-00C04F79EFBC}") = "P05. Print Name", "05. Print Name\P05. Print Name.csproj", "{48462A00-765F-4645-A2FF-CAB94FB7AA96}"
EndProject
Project("{FAE04EC0-301F-11D3-BF4B-00C04F79EFBC}") = "P06. Print Numbers", "P06. Print Numbers\P06. Print Numbers.csproj", "{8C4A2171-8EFF-4F0A-B8C7-646102E52D51}"
EndProject
Project("{FAE04EC0-301F-11D3-BF4B-00C04F79EFBC}") = "P07. First and Last Name", "P07. First and Last Name\P07. First and Last Name.csproj", "{C5560878-C02F-4ADC-A1DD-A328C0CCDAB8}"
EndProject
Project("{FAE04EC0-301F-11D3-BF4B-00C04F79EFBC}") = "P08. Square Root", "P08. Square Root\P08. Square Root.csproj", "{2AE90D48-2B12-4650-9649-22E40603545B}"
EndProject
Project("{FAE04EC0-301F-11D3-BF4B-00C04F79EFBC}") = "P09. Print Sequence", "P09. Print Sequence\P09. Print Sequence.csproj", "{88211EAF-500B-42E8-8DA4-89B5C0C85AE6}"
EndProject
Project("{FAE04EC0-301F-11D3-BF4B-00C04F79EFBC}") = "P10. Format Code", "P10. Format Code\P10. Format Code.csproj", "{365E0559-077F-42D7-97D2-F89592613953}"
EndProject
Project("{FAE04EC0-301F-11D3-BF4B-00C04F79EFBC}") = "P14. Current Date and Time", "P14. Current Date and Time\P14. Current Date and Time.csproj", "{5BFD3A8B-4B90-4618-85F5-D38B125F7A96}"
EndProject
Project("{FAE04EC0-301F-11D3-BF4B-00C04F79EFBC}") = "P15. Age", "P15. Age\P15. Age.csproj", "{5419E691-D53B-4BF6-BBCC-21DC1CC19935}"
EndProject
Project("{FAE04EC0-301F-11D3-BF4B-00C04F79EFBC}") = "P16. Long Sequence", "P16. Long Sequence\P16. Long Sequence.csproj", "{E60AA8BF-BAD1-481E-9B2A-90DC67DEF12F}"
EndProject
Global
	GlobalSection(SolutionConfigurationPlatforms) = preSolution
		Debug|Any CPU = Debug|Any CPU
		Release|Any CPU = Release|Any CPU
	EndGlobalSection
	GlobalSection(ProjectConfigurationPlatforms) = postSolution
		{8A970106-5521-426A-92B3-FE916171C8B5}.Debug|Any CPU.ActiveCfg = Debug|Any CPU
		{8A970106-5521-426A-92B3-FE916171C8B5}.Debug|Any CPU.Build.0 = Debug|Any CPU
		{8A970106-5521-426A-92B3-FE916171C8B5}.Release|Any CPU.ActiveCfg = Release|Any CPU
		{8A970106-5521-426A-92B3-FE916171C8B5}.Release|Any CPU.Build.0 = Release|Any CPU
		{48462A00-765F-4645-A2FF-CAB94FB7AA96}.Debug|Any CPU.ActiveCfg = Debug|Any CPU
		{48462A00-765F-4645-A2FF-CAB94FB7AA96}.Debug|Any CPU.Build.0 = Debug|Any CPU
		{48462A00-765F-4645-A2FF-CAB94FB7AA96}.Release|Any CPU.ActiveCfg = Release|Any CPU
		{48462A00-765F-4645-A2FF-CAB94FB7AA96}.Release|Any CPU.Build.0 = Release|Any CPU
		{8C4A2171-8EFF-4F0A-B8C7-646102E52D51}.Debug|Any CPU.ActiveCfg = Debug|Any CPU
		{8C4A2171-8EFF-4F0A-B8C7-646102E52D51}.Debug|Any CPU.Build.0 = Debug|Any CPU
		{8C4A2171-8EFF-4F0A-B8C7-646102E52D51}.Release|Any CPU.ActiveCfg = Release|Any CPU
		{8C4A2171-8EFF-4F0A-B8C7-646102E52D51}.Release|Any CPU.Build.0 = Release|Any CPU
		{C5560878-C02F-4ADC-A1DD-A328C0CCDAB8}.Debug|Any CPU.ActiveCfg = Debug|Any CPU
		{C5560878-C02F-4ADC-A1DD-A328C0CCDAB8}.Debug|Any CPU.Build.0 = Debug|Any CPU
		{C5560878-C02F-4ADC-A1DD-A328C0CCDAB8}.Release|Any CPU.ActiveCfg = Release|Any CPU
		{C5560878-C02F-4ADC-A1DD-A328C0CCDAB8}.Release|Any CPU.Build.0 = Release|Any CPU
		{2AE90D48-2B12-4650-9649-22E40603545B}.Debug|Any CPU.ActiveCfg = Debug|Any CPU
		{2AE90D48-2B12-4650-9649-22E40603545B}.Debug|Any CPU.Build.0 = Debug|Any CPU
		{2AE90D48-2B12-4650-9649-22E40603545B}.Release|Any CPU.ActiveCfg = Release|Any CPU
		{2AE90D48-2B12-4650-9649-22E40603545B}.Release|Any CPU.Build.0 = Release|Any CPU
		{88211EAF-500B-42E8-8DA4-89B5C0C85AE6}.Debug|Any CPU.ActiveCfg = Debug|Any CPU
		{88211EAF-500B-42E8-8DA4-89B5C0C85AE6}.Debug|Any CPU.Build.0 = Debug|Any CPU
		{88211EAF-500B-42E8-8DA4-89B5C0C85AE6}.Release|Any CPU.ActiveCfg = Release|Any CPU
		{88211EAF-500B-42E8-8DA4-89B5C0C85AE6}.Release|Any CPU.Build.0 = Release|Any CPU
		{365E0559-077F-42D7-97D2-F89592613953}.Debug|Any CPU.ActiveCfg = Debug|Any CPU
		{365E0559-077F-42D7-97D2-F89592613953}.Debug|Any CPU.Build.0 = Debug|Any CPU
		{365E0559-077F-42D7-97D2-F89592613953}.Release|Any CPU.ActiveCfg = Release|Any CPU
		{365E0559-077F-42D7-97D2-F89592613953}.Release|Any CPU.Build.0 = Release|Any CPU
		{5BFD3A8B-4B90-4618-85F5-D38B125F7A96}.Debug|Any CPU.ActiveCfg = Debug|Any CPU
		{5BFD3A8B-4B90-4618-85F5-D38B125F7A96}.Debug|Any CPU.Build.0 = Debug|Any CPU
		{5BFD3A8B-4B90-4618-85F5-D38B125F7A96}.Release|Any CPU.ActiveCfg = Release|Any CPU
		{5BFD3A8B-4B90-4618-85F5-D38B125F7A96}.Release|Any CPU.Build.0 = Release|Any CPU
		{5419E691-D53B-4BF6-BBCC-21DC1CC19935}.Debug|Any CPU.ActiveCfg = Debug|Any CPU
		{5419E691-D53B-4BF6-BBCC-21DC1CC19935}.Debug|Any CPU.Build.0 = Debug|Any CPU
		{5419E691-D53B-4BF6-BBCC-21DC1CC19935}.Release|Any CPU.ActiveCfg = Release|Any CPU
		{5419E691-D53B-4BF6-BBCC-21DC1CC19935}.Release|Any CPU.Build.0 = Release|Any CPU
		{E60AA8BF-BAD1-481E-9B2A-90DC67DEF12F}.Debug|Any CPU.ActiveCfg = Debug|Any CPU
		{E60AA8BF-BAD1-481E-9B2A-90DC67DEF12F}.Debug|Any CPU.Build.0 = Debug|Any CPU
		{E60AA8BF-BAD1-481E-9B2A-90DC67DEF12F}.Release|Any CPU.ActiveCfg = Release|Any CPU
		{E60AA8BF-BAD1-481E-9B2A-90DC67DEF12F}.Release|Any CPU.Build.0 = Release|Any CPU
	EndGlobalSection
	GlobalSection(SolutionProperties) = preSolution
		HideSolutionNode = FALSE
	EndGlobalSection
EndGlobal
