
Microsoft Visual Studio Solution File, Format Version 12.00
# Visual Studio 14
VisualStudioVersion = 14.0.25420.1
MinimumVisualStudioVersion = 10.0.40219.1
Project("{FAE04EC0-301F-11D3-BF4B-00C04F79EFBC}") = "TaskManager", "TaskManager\TaskManager.csproj", "{2CD1066B-70EA-41EE-91D1-BF4291E44271}"
EndProject
Project("{FAE04EC0-301F-11D3-BF4B-00C04F79EFBC}") = "TaskManager.Client", "TaskManager.Client\TaskManager.Client.csproj", "{DCD8CD57-6E66-42A6-99A9-61073FC09070}"
EndProject
Project("{FAE04EC0-301F-11D3-BF4B-00C04F79EFBC}") = "TaskManager.Test", "TaskManager.Test\TaskManager.Test.csproj", "{5C0A95FD-F6AF-49FF-8A5E-64D94D42C453}"
EndProject
Global
	GlobalSection(SolutionConfigurationPlatforms) = preSolution
		Debug|Any CPU = Debug|Any CPU
		Release|Any CPU = Release|Any CPU
	EndGlobalSection
	GlobalSection(ProjectConfigurationPlatforms) = postSolution
		{2CD1066B-70EA-41EE-91D1-BF4291E44271}.Debug|Any CPU.ActiveCfg = Debug|Any CPU
		{2CD1066B-70EA-41EE-91D1-BF4291E44271}.Debug|Any CPU.Build.0 = Debug|Any CPU
		{2CD1066B-70EA-41EE-91D1-BF4291E44271}.Release|Any CPU.ActiveCfg = Release|Any CPU
		{2CD1066B-70EA-41EE-91D1-BF4291E44271}.Release|Any CPU.Build.0 = Release|Any CPU
		{DCD8CD57-6E66-42A6-99A9-61073FC09070}.Debug|Any CPU.ActiveCfg = Debug|Any CPU
		{DCD8CD57-6E66-42A6-99A9-61073FC09070}.Debug|Any CPU.Build.0 = Debug|Any CPU
		{DCD8CD57-6E66-42A6-99A9-61073FC09070}.Release|Any CPU.ActiveCfg = Release|Any CPU
		{DCD8CD57-6E66-42A6-99A9-61073FC09070}.Release|Any CPU.Build.0 = Release|Any CPU
		{5C0A95FD-F6AF-49FF-8A5E-64D94D42C453}.Debug|Any CPU.ActiveCfg = Debug|Any CPU
		{5C0A95FD-F6AF-49FF-8A5E-64D94D42C453}.Debug|Any CPU.Build.0 = Debug|Any CPU
		{5C0A95FD-F6AF-49FF-8A5E-64D94D42C453}.Release|Any CPU.ActiveCfg = Release|Any CPU
		{5C0A95FD-F6AF-49FF-8A5E-64D94D42C453}.Release|Any CPU.Build.0 = Release|Any CPU
	EndGlobalSection
	GlobalSection(SolutionProperties) = preSolution
		HideSolutionNode = FALSE
	EndGlobalSection
EndGlobal
