
Microsoft Visual Studio Solution File, Format Version 12.00
# Visual Studio 14
VisualStudioVersion = 14.0.25420.1
MinimumVisualStudioVersion = 10.0.40219.1
Project("{FAE04EC0-301F-11D3-BF4B-00C04F79EFBC}") = "Santase.Logic", "Santase.Logic\Santase.Logic.csproj", "{5C772E97-278D-4D0A-83A5-BF38DF99D97C}"
EndProject
Project("{FAE04EC0-301F-11D3-BF4B-00C04F79EFBC}") = "Santase.Test", "Santase.Test\Santase.Test.csproj", "{04151A60-7E4B-4A30-A938-3CA0F2494F3F}"
EndProject
Global
	GlobalSection(SolutionConfigurationPlatforms) = preSolution
		Debug|Any CPU = Debug|Any CPU
		Release|Any CPU = Release|Any CPU
	EndGlobalSection
	GlobalSection(ProjectConfigurationPlatforms) = postSolution
		{5C772E97-278D-4D0A-83A5-BF38DF99D97C}.Debug|Any CPU.ActiveCfg = Debug|Any CPU
		{5C772E97-278D-4D0A-83A5-BF38DF99D97C}.Debug|Any CPU.Build.0 = Debug|Any CPU
		{5C772E97-278D-4D0A-83A5-BF38DF99D97C}.Release|Any CPU.ActiveCfg = Release|Any CPU
		{5C772E97-278D-4D0A-83A5-BF38DF99D97C}.Release|Any CPU.Build.0 = Release|Any CPU
		{04151A60-7E4B-4A30-A938-3CA0F2494F3F}.Debug|Any CPU.ActiveCfg = Debug|Any CPU
		{04151A60-7E4B-4A30-A938-3CA0F2494F3F}.Debug|Any CPU.Build.0 = Debug|Any CPU
		{04151A60-7E4B-4A30-A938-3CA0F2494F3F}.Release|Any CPU.ActiveCfg = Release|Any CPU
		{04151A60-7E4B-4A30-A938-3CA0F2494F3F}.Release|Any CPU.Build.0 = Release|Any CPU
	EndGlobalSection
	GlobalSection(SolutionProperties) = preSolution
		HideSolutionNode = FALSE
	EndGlobalSection
EndGlobal
