
Microsoft Visual Studio Solution File, Format Version 12.00
# Visual Studio 14
VisualStudioVersion = 14.0.25123.0
MinimumVisualStudioVersion = 10.0.40219.1
Project("{FAE04EC0-301F-11D3-BF4B-00C04F79EFBC}") = "P01. Declare Variables", "02. Data-Types-and-Variables\P01. Declare Variables.csproj", "{048B9F0B-7F5F-4E00-B1F8-DDF0729F073F}"
EndProject
Project("{FAE04EC0-301F-11D3-BF4B-00C04F79EFBC}") = "P02. Float or Double", "P02. Float or Double\P02. Float or Double.csproj", "{238C5F8D-EB8F-4C80-99EA-9A201462131F}"
EndProject
Project("{FAE04EC0-301F-11D3-BF4B-00C04F79EFBC}") = "P03. Variable in Hex Format", "P03. Variable in Hex Format\P03. Variable in Hex Format.csproj", "{91D72778-06B6-4CCA-95DF-BB07CF2E8EAB}"
EndProject
Project("{FAE04EC0-301F-11D3-BF4B-00C04F79EFBC}") = "P04. Unicode Character", "P04. Unicode Character\P04. Unicode Character.csproj", "{37444E95-42A2-45BD-BEB4-87BADF039D53}"
EndProject
Project("{FAE04EC0-301F-11D3-BF4B-00C04F79EFBC}") = "P05. Boolean Variable", "P05. Boolean Variable\P05. Boolean Variable.csproj", "{A9460926-BD97-4E02-9C14-559B38AC7E52}"
EndProject
Project("{FAE04EC0-301F-11D3-BF4B-00C04F79EFBC}") = "P06. Strings and Objects", "P06. Strings and Objects\P06. Strings and Objects.csproj", "{D6F8E198-2E0F-4304-BB97-82043DB02A77}"
EndProject
Project("{FAE04EC0-301F-11D3-BF4B-00C04F79EFBC}") = "P07. Quotes in Strings", "P07. Quotes in Strings\P07. Quotes in Strings.csproj", "{55BE942F-AA27-44BB-9B16-16320D70900B}"
EndProject
Project("{FAE04EC0-301F-11D3-BF4B-00C04F79EFBC}") = "P08. Isosceles Triangle", "P08. Isosceles Triangle\P08. Isosceles Triangle.csproj", "{2F1A86E4-4CA7-488C-B8FF-EC1F7E38B2AE}"
EndProject
Project("{FAE04EC0-301F-11D3-BF4B-00C04F79EFBC}") = "P09. Exchange Variable Values", "P09. Exchange Variable Values\P09. Exchange Variable Values.csproj", "{1A08479D-A24D-4016-812A-3634EA637371}"
EndProject
Project("{FAE04EC0-301F-11D3-BF4B-00C04F79EFBC}") = "P10. Employee Data", "P10. Employee Data\P10. Employee Data.csproj", "{523F555F-4F72-47EE-8533-2DC4436BB126}"
EndProject
Project("{FAE04EC0-301F-11D3-BF4B-00C04F79EFBC}") = "P11. Bank Account Data", "P11. Bank Account Data\P11. Bank Account Data.csproj", "{38703257-FBCE-4E8B-84CD-B4386F2EC66F}"
EndProject
Project("{FAE04EC0-301F-11D3-BF4B-00C04F79EFBC}") = "P12. Null Values Arithmetic", "P12. Null Values Arithmetic\P12. Null Values Arithmetic.csproj", "{2332DF09-A255-4731-BEC0-DE8353BAC0A3}"
EndProject
Project("{FAE04EC0-301F-11D3-BF4B-00C04F79EFBC}") = "P13. Comparing Floats", "P13. Comparing Floats\P13. Comparing Floats.csproj", "{9B875152-389D-46EC-8B94-7AA82C0ED1B8}"
EndProject
Project("{FAE04EC0-301F-11D3-BF4B-00C04F79EFBC}") = "P14. Print the ASCII Table", "P14. Print the ASCII Table\P14. Print the ASCII Table.csproj", "{4C8777C3-AA8F-4790-BA2E-2BD8C3E8B5D8}"
EndProject
Global
	GlobalSection(SolutionConfigurationPlatforms) = preSolution
		Debug|Any CPU = Debug|Any CPU
		Release|Any CPU = Release|Any CPU
	EndGlobalSection
	GlobalSection(ProjectConfigurationPlatforms) = postSolution
		{048B9F0B-7F5F-4E00-B1F8-DDF0729F073F}.Debug|Any CPU.ActiveCfg = Debug|Any CPU
		{048B9F0B-7F5F-4E00-B1F8-DDF0729F073F}.Debug|Any CPU.Build.0 = Debug|Any CPU
		{048B9F0B-7F5F-4E00-B1F8-DDF0729F073F}.Release|Any CPU.ActiveCfg = Release|Any CPU
		{048B9F0B-7F5F-4E00-B1F8-DDF0729F073F}.Release|Any CPU.Build.0 = Release|Any CPU
		{238C5F8D-EB8F-4C80-99EA-9A201462131F}.Debug|Any CPU.ActiveCfg = Debug|Any CPU
		{238C5F8D-EB8F-4C80-99EA-9A201462131F}.Debug|Any CPU.Build.0 = Debug|Any CPU
		{238C5F8D-EB8F-4C80-99EA-9A201462131F}.Release|Any CPU.ActiveCfg = Release|Any CPU
		{238C5F8D-EB8F-4C80-99EA-9A201462131F}.Release|Any CPU.Build.0 = Release|Any CPU
		{91D72778-06B6-4CCA-95DF-BB07CF2E8EAB}.Debug|Any CPU.ActiveCfg = Debug|Any CPU
		{91D72778-06B6-4CCA-95DF-BB07CF2E8EAB}.Debug|Any CPU.Build.0 = Debug|Any CPU
		{91D72778-06B6-4CCA-95DF-BB07CF2E8EAB}.Release|Any CPU.ActiveCfg = Release|Any CPU
		{91D72778-06B6-4CCA-95DF-BB07CF2E8EAB}.Release|Any CPU.Build.0 = Release|Any CPU
		{37444E95-42A2-45BD-BEB4-87BADF039D53}.Debug|Any CPU.ActiveCfg = Debug|Any CPU
		{37444E95-42A2-45BD-BEB4-87BADF039D53}.Debug|Any CPU.Build.0 = Debug|Any CPU
		{37444E95-42A2-45BD-BEB4-87BADF039D53}.Release|Any CPU.ActiveCfg = Release|Any CPU
		{37444E95-42A2-45BD-BEB4-87BADF039D53}.Release|Any CPU.Build.0 = Release|Any CPU
		{A9460926-BD97-4E02-9C14-559B38AC7E52}.Debug|Any CPU.ActiveCfg = Debug|Any CPU
		{A9460926-BD97-4E02-9C14-559B38AC7E52}.Debug|Any CPU.Build.0 = Debug|Any CPU
		{A9460926-BD97-4E02-9C14-559B38AC7E52}.Release|Any CPU.ActiveCfg = Release|Any CPU
		{A9460926-BD97-4E02-9C14-559B38AC7E52}.Release|Any CPU.Build.0 = Release|Any CPU
		{D6F8E198-2E0F-4304-BB97-82043DB02A77}.Debug|Any CPU.ActiveCfg = Debug|Any CPU
		{D6F8E198-2E0F-4304-BB97-82043DB02A77}.Debug|Any CPU.Build.0 = Debug|Any CPU
		{D6F8E198-2E0F-4304-BB97-82043DB02A77}.Release|Any CPU.ActiveCfg = Release|Any CPU
		{D6F8E198-2E0F-4304-BB97-82043DB02A77}.Release|Any CPU.Build.0 = Release|Any CPU
		{55BE942F-AA27-44BB-9B16-16320D70900B}.Debug|Any CPU.ActiveCfg = Debug|Any CPU
		{55BE942F-AA27-44BB-9B16-16320D70900B}.Debug|Any CPU.Build.0 = Debug|Any CPU
		{55BE942F-AA27-44BB-9B16-16320D70900B}.Release|Any CPU.ActiveCfg = Release|Any CPU
		{55BE942F-AA27-44BB-9B16-16320D70900B}.Release|Any CPU.Build.0 = Release|Any CPU
		{2F1A86E4-4CA7-488C-B8FF-EC1F7E38B2AE}.Debug|Any CPU.ActiveCfg = Debug|Any CPU
		{2F1A86E4-4CA7-488C-B8FF-EC1F7E38B2AE}.Debug|Any CPU.Build.0 = Debug|Any CPU
		{2F1A86E4-4CA7-488C-B8FF-EC1F7E38B2AE}.Release|Any CPU.ActiveCfg = Release|Any CPU
		{2F1A86E4-4CA7-488C-B8FF-EC1F7E38B2AE}.Release|Any CPU.Build.0 = Release|Any CPU
		{1A08479D-A24D-4016-812A-3634EA637371}.Debug|Any CPU.ActiveCfg = Debug|Any CPU
		{1A08479D-A24D-4016-812A-3634EA637371}.Debug|Any CPU.Build.0 = Debug|Any CPU
		{1A08479D-A24D-4016-812A-3634EA637371}.Release|Any CPU.ActiveCfg = Release|Any CPU
		{1A08479D-A24D-4016-812A-3634EA637371}.Release|Any CPU.Build.0 = Release|Any CPU
		{523F555F-4F72-47EE-8533-2DC4436BB126}.Debug|Any CPU.ActiveCfg = Debug|Any CPU
		{523F555F-4F72-47EE-8533-2DC4436BB126}.Debug|Any CPU.Build.0 = Debug|Any CPU
		{523F555F-4F72-47EE-8533-2DC4436BB126}.Release|Any CPU.ActiveCfg = Release|Any CPU
		{523F555F-4F72-47EE-8533-2DC4436BB126}.Release|Any CPU.Build.0 = Release|Any CPU
		{38703257-FBCE-4E8B-84CD-B4386F2EC66F}.Debug|Any CPU.ActiveCfg = Debug|Any CPU
		{38703257-FBCE-4E8B-84CD-B4386F2EC66F}.Debug|Any CPU.Build.0 = Debug|Any CPU
		{38703257-FBCE-4E8B-84CD-B4386F2EC66F}.Release|Any CPU.ActiveCfg = Release|Any CPU
		{38703257-FBCE-4E8B-84CD-B4386F2EC66F}.Release|Any CPU.Build.0 = Release|Any CPU
		{2332DF09-A255-4731-BEC0-DE8353BAC0A3}.Debug|Any CPU.ActiveCfg = Debug|Any CPU
		{2332DF09-A255-4731-BEC0-DE8353BAC0A3}.Debug|Any CPU.Build.0 = Debug|Any CPU
		{2332DF09-A255-4731-BEC0-DE8353BAC0A3}.Release|Any CPU.ActiveCfg = Release|Any CPU
		{2332DF09-A255-4731-BEC0-DE8353BAC0A3}.Release|Any CPU.Build.0 = Release|Any CPU
		{9B875152-389D-46EC-8B94-7AA82C0ED1B8}.Debug|Any CPU.ActiveCfg = Debug|Any CPU
		{9B875152-389D-46EC-8B94-7AA82C0ED1B8}.Debug|Any CPU.Build.0 = Debug|Any CPU
		{9B875152-389D-46EC-8B94-7AA82C0ED1B8}.Release|Any CPU.ActiveCfg = Release|Any CPU
		{9B875152-389D-46EC-8B94-7AA82C0ED1B8}.Release|Any CPU.Build.0 = Release|Any CPU
		{4C8777C3-AA8F-4790-BA2E-2BD8C3E8B5D8}.Debug|Any CPU.ActiveCfg = Debug|Any CPU
		{4C8777C3-AA8F-4790-BA2E-2BD8C3E8B5D8}.Debug|Any CPU.Build.0 = Debug|Any CPU
		{4C8777C3-AA8F-4790-BA2E-2BD8C3E8B5D8}.Release|Any CPU.ActiveCfg = Release|Any CPU
		{4C8777C3-AA8F-4790-BA2E-2BD8C3E8B5D8}.Release|Any CPU.Build.0 = Release|Any CPU
	EndGlobalSection
	GlobalSection(SolutionProperties) = preSolution
		HideSolutionNode = FALSE
	EndGlobalSection
EndGlobal
